
Microsoft Visual Studio Solution File, Format Version 12.00
# Visual Studio Version 17
VisualStudioVersion = 17.0.31903.59
MinimumVisualStudioVersion = 10.0.40219.1
Project("{FAE04EC0-301F-11D3-BF4B-00C04F79EFBC}") = "TestingDuckBehaviours", "TestingDuckBehaviours\TestingDuckBehaviours.csproj", "{FA7D8269-1832-4C66-A74C-5F23C8D28206}"
EndProject
Global
	GlobalSection(SolutionConfigurationPlatforms) = preSolution
		Debug|Any CPU = Debug|Any CPU
		Release|Any CPU = Release|Any CPU
	EndGlobalSection
	GlobalSection(SolutionProperties) = preSolution
		HideSolutionNode = FALSE
	EndGlobalSection
	GlobalSection(ProjectConfigurationPlatforms) = postSolution
		{FA7D8269-1832-4C66-A74C-5F23C8D28206}.Debug|Any CPU.ActiveCfg = Debug|Any CPU
		{FA7D8269-1832-4C66-A74C-5F23C8D28206}.Debug|Any CPU.Build.0 = Debug|Any CPU
		{FA7D8269-1832-4C66-A74C-5F23C8D28206}.Release|Any CPU.ActiveCfg = Release|Any CPU
		{FA7D8269-1832-4C66-A74C-5F23C8D28206}.Release|Any CPU.Build.0 = Release|Any CPU
	EndGlobalSection
EndGlobal
